
Microsoft Visual Studio Solution File, Format Version 11.00
# Visual Studio 2010
Project("{FAE04EC0-301F-11D3-BF4B-00C04F79EFBC}") = "CGL", "CGL\CGL.csproj", "{3FF1B258-81E0-44F0-874B-8FF5F7960F85}"
EndProject
Global
	GlobalSection(SolutionConfigurationPlatforms) = preSolution
		Debug|x86 = Debug|x86
		Release|x86 = Release|x86
	EndGlobalSection
	GlobalSection(ProjectConfigurationPlatforms) = postSolution
		{3FF1B258-81E0-44F0-874B-8FF5F7960F85}.Debug|x86.ActiveCfg = Debug|x86
		{3FF1B258-81E0-44F0-874B-8FF5F7960F85}.Debug|x86.Build.0 = Debug|x86
		{3FF1B258-81E0-44F0-874B-8FF5F7960F85}.Release|x86.ActiveCfg = Release|x86
		{3FF1B258-81E0-44F0-874B-8FF5F7960F85}.Release|x86.Build.0 = Release|x86
	EndGlobalSection
	GlobalSection(SolutionProperties) = preSolution
		HideSolutionNode = FALSE
	EndGlobalSection
EndGlobal
